
Microsoft Visual Studio Solution File, Format Version 12.00
# Visual Studio Version 16
VisualStudioVersion = 16.0.31005.135
MinimumVisualStudioVersion = 10.0.40219.1
Project("{FAE04EC0-301F-11D3-BF4B-00C04F79EFBC}") = "Musicas.Web", "Musicas.Web\Musicas.Web.csproj", "{D8C2ED48-EBE7-434C-98A6-C9A581D77FFC}"
EndProject
Project("{2150E333-8FDC-42A3-9474-1A3956D46DE8}") = "Dominio", "Dominio", "{97EBF1BF-F673-4AE8-B16F-10BEB84CB180}"
EndProject
Project("{FAE04EC0-301F-11D3-BF4B-00C04F79EFBC}") = "Musicas.Dominio", "Musicas.Dominio\Musicas.Dominio.csproj", "{C12715D0-6A6C-49B2-977A-37FB00D22ED3}"
EndProject
Project("{2150E333-8FDC-42A3-9474-1A3956D46DE8}") = "AcessoADados", "AcessoADados", "{F20D5C9A-F327-40EF-82E8-67BE7085D29B}"
EndProject
Project("{FAE04EC0-301F-11D3-BF4B-00C04F79EFBC}") = "Musicas.AcessoADados.Entity", "Musicas.AcessoADados.Entity\Musicas.AcessoADados.Entity.csproj", "{437F47CD-9AB3-4D40-BE50-36C3C574FFCC}"
EndProject
Project("{FAE04EC0-301F-11D3-BF4B-00C04F79EFBC}") = "Comum.Entity", "Comum.Entity\Comum.Entity.csproj", "{2D598000-7AE8-4C21-8416-EE7D48018533}"
EndProject
Global
	GlobalSection(SolutionConfigurationPlatforms) = preSolution
		Debug|Any CPU = Debug|Any CPU
		Release|Any CPU = Release|Any CPU
	EndGlobalSection
	GlobalSection(ProjectConfigurationPlatforms) = postSolution
		{D8C2ED48-EBE7-434C-98A6-C9A581D77FFC}.Debug|Any CPU.ActiveCfg = Debug|Any CPU
		{D8C2ED48-EBE7-434C-98A6-C9A581D77FFC}.Debug|Any CPU.Build.0 = Debug|Any CPU
		{D8C2ED48-EBE7-434C-98A6-C9A581D77FFC}.Release|Any CPU.ActiveCfg = Release|Any CPU
		{D8C2ED48-EBE7-434C-98A6-C9A581D77FFC}.Release|Any CPU.Build.0 = Release|Any CPU
		{C12715D0-6A6C-49B2-977A-37FB00D22ED3}.Debug|Any CPU.ActiveCfg = Debug|Any CPU
		{C12715D0-6A6C-49B2-977A-37FB00D22ED3}.Debug|Any CPU.Build.0 = Debug|Any CPU
		{C12715D0-6A6C-49B2-977A-37FB00D22ED3}.Release|Any CPU.ActiveCfg = Release|Any CPU
		{C12715D0-6A6C-49B2-977A-37FB00D22ED3}.Release|Any CPU.Build.0 = Release|Any CPU
		{437F47CD-9AB3-4D40-BE50-36C3C574FFCC}.Debug|Any CPU.ActiveCfg = Debug|Any CPU
		{437F47CD-9AB3-4D40-BE50-36C3C574FFCC}.Debug|Any CPU.Build.0 = Debug|Any CPU
		{437F47CD-9AB3-4D40-BE50-36C3C574FFCC}.Release|Any CPU.ActiveCfg = Release|Any CPU
		{437F47CD-9AB3-4D40-BE50-36C3C574FFCC}.Release|Any CPU.Build.0 = Release|Any CPU
		{2D598000-7AE8-4C21-8416-EE7D48018533}.Debug|Any CPU.ActiveCfg = Debug|Any CPU
		{2D598000-7AE8-4C21-8416-EE7D48018533}.Debug|Any CPU.Build.0 = Debug|Any CPU
		{2D598000-7AE8-4C21-8416-EE7D48018533}.Release|Any CPU.ActiveCfg = Release|Any CPU
		{2D598000-7AE8-4C21-8416-EE7D48018533}.Release|Any CPU.Build.0 = Release|Any CPU
	EndGlobalSection
	GlobalSection(SolutionProperties) = preSolution
		HideSolutionNode = FALSE
	EndGlobalSection
	GlobalSection(NestedProjects) = preSolution
		{C12715D0-6A6C-49B2-977A-37FB00D22ED3} = {97EBF1BF-F673-4AE8-B16F-10BEB84CB180}
		{437F47CD-9AB3-4D40-BE50-36C3C574FFCC} = {F20D5C9A-F327-40EF-82E8-67BE7085D29B}
		{2D598000-7AE8-4C21-8416-EE7D48018533} = {F20D5C9A-F327-40EF-82E8-67BE7085D29B}
	EndGlobalSection
	GlobalSection(ExtensibilityGlobals) = postSolution
		SolutionGuid = {329EB79B-A46E-4503-A6F2-9D4B0B02E459}
	EndGlobalSection
EndGlobal
